
Microsoft Visual Studio Solution File, Format Version 12.00
# Visual Studio 15
VisualStudioVersion = 15.0.26228.9
MinimumVisualStudioVersion = 10.0.40219.1
Project("{FAE04EC0-301F-11D3-BF4B-00C04F79EFBC}") = "AngularMVCTODO", "AngularMVCTODO\AngularMVCTODO.csproj", "{C3FD9FAF-8347-489B-BABF-49F5A1117C79}"
EndProject
Project("{E53339B2-1760-4266-BCC7-CA923CBCF16C}") = "docker-compose", "docker-compose.dcproj", "{02FC12C4-875E-427C-B72B-5990B9D387D6}"
EndProject
Global
	GlobalSection(SolutionConfigurationPlatforms) = preSolution
		Debug|Any CPU = Debug|Any CPU
		Release|Any CPU = Release|Any CPU
	EndGlobalSection
	GlobalSection(ProjectConfigurationPlatforms) = postSolution
		{C3FD9FAF-8347-489B-BABF-49F5A1117C79}.Debug|Any CPU.ActiveCfg = Debug|Any CPU
		{C3FD9FAF-8347-489B-BABF-49F5A1117C79}.Debug|Any CPU.Build.0 = Debug|Any CPU
		{C3FD9FAF-8347-489B-BABF-49F5A1117C79}.Release|Any CPU.ActiveCfg = Release|Any CPU
		{C3FD9FAF-8347-489B-BABF-49F5A1117C79}.Release|Any CPU.Build.0 = Release|Any CPU
		{02FC12C4-875E-427C-B72B-5990B9D387D6}.Debug|Any CPU.ActiveCfg = Debug|Any CPU
		{02FC12C4-875E-427C-B72B-5990B9D387D6}.Debug|Any CPU.Build.0 = Debug|Any CPU
		{02FC12C4-875E-427C-B72B-5990B9D387D6}.Release|Any CPU.ActiveCfg = Release|Any CPU
		{02FC12C4-875E-427C-B72B-5990B9D387D6}.Release|Any CPU.Build.0 = Release|Any CPU
	EndGlobalSection
	GlobalSection(SolutionProperties) = preSolution
		HideSolutionNode = FALSE
	EndGlobalSection
EndGlobal
